schema: '2.0'
stages:
  download:
    cmd: python ./stages/01_download.py
    deps:
    - path: ./stages/01_download.py
      hash: md5
      md5: e5299a39b0566e47e3283894c621f53a
      size: 4641
    outs:
    - path: cache/01_download
      hash: md5
      md5: 42075963418f153676a805efb574a797.dir
      size: 38676173167
      nfiles: 1209
  build:
    cmd: python ./stages/02_process.py
    deps:
    - path: ./stages/02_process.py
      hash: md5
      md5: ea32a2438ac12a7bbdda47798afca84c
      size: 4044
    - path: cache/01_download
      hash: md5
      md5: 42075963418f153676a805efb574a797.dir
      size: 38676173167
      nfiles: 1209
    outs:
    - path: brick/annotations.parquet
      hash: md5
      md5: dce2a6eefbcaab20ab50fd4cf3b9b770
      size: 1421875940
